
Microsoft Visual Studio Solution File, Format Version 12.00
# Visual Studio Version 17
VisualStudioVersion = 17.2.32630.192
MinimumVisualStudioVersion = 10.0.40219.1
Project("{2150E333-8FDC-42A3-9474-1A3956D46DE8}") = "Элементы решения", "Элементы решения", "{59A0AEF3-1876-43FF-B53A-D56AA34083C8}"
	ProjectSection(SolutionItems) = preProject
		.gitignore = .gitignore
		README.md = README.md
	EndProjectSection
EndProject
Project("{2150E333-8FDC-42A3-9474-1A3956D46DE8}") = "src", "src", "{3FD07C7D-B78C-41BD-A3F6-FE3275063C19}"
EndProject
Project("{2150E333-8FDC-42A3-9474-1A3956D46DE8}") = "Services", "Services", "{F7A86D71-C550-466C-9820-197EC27BEC9C}"
EndProject
Project("{2150E333-8FDC-42A3-9474-1A3956D46DE8}") = "Identity", "Identity", "{D3D4043B-FC49-463F-B3F5-15E7074A8C19}"
EndProject
Project("{9A19103F-16F7-4668-BE54-9A1E7A4F7556}") = "Shorti.Identity.Api", "src\Services\Identity\Shorti.Identity.Api\Shorti.Identity.Api.csproj", "{95EB96C3-90F8-4047-B7D0-93FA0F0EB223}"
EndProject
Project("{2150E333-8FDC-42A3-9474-1A3956D46DE8}") = "Shared", "Shared", "{64318058-D383-4E12-B71B-F8DC8F54DD07}"
EndProject
Project("{9A19103F-16F7-4668-BE54-9A1E7A4F7556}") = "Shorti.Shared.Contracts", "src\Shared\Shorti.Shared.Contracts\Shorti.Shared.Contracts.csproj", "{807371D3-5020-40DF-8792-3E9ACAD6B81D}"
EndProject
Project("{2150E333-8FDC-42A3-9474-1A3956D46DE8}") = "ApiGateway", "ApiGateway", "{E23F0F0E-3F11-4715-B2D7-F76A260C1F45}"
EndProject
Project("{9A19103F-16F7-4668-BE54-9A1E7A4F7556}") = "Shorti.Identity.ApiGateway", "src\Services\ApiGateway\Shorti.Identity.ApiGateway\Shorti.Identity.ApiGateway.csproj", "{789BCBCB-4D8E-4FA1-B491-D981724A5C15}"
EndProject
Project("{9A19103F-16F7-4668-BE54-9A1E7A4F7556}") = "Shorti.Shared.Kernel", "src\Shared\Shorti.Shared.Kernel\Shorti.Shared.Kernel.csproj", "{692A2002-B0A7-4F2B-8551-743F2F0F6630}"
EndProject
Project("{2150E333-8FDC-42A3-9474-1A3956D46DE8}") = "Shorts", "Shorts", "{F6D5BE19-BAC4-4F06-AC1E-12DE58F2143C}"
EndProject
Project("{9A19103F-16F7-4668-BE54-9A1E7A4F7556}") = "Shorti.ShortsService.Api", "src\Services\Shorts\Shorti.ShortsService.Api\Shorti.ShortsService.Api.csproj", "{55149134-EE1A-4A8D-9CB6-30E758BD7DC4}"
EndProject
Project("{9A19103F-16F7-4668-BE54-9A1E7A4F7556}") = "Shorti.ShortsService.Tests", "src\Services\Shorts\Shorti.ShortsService.Tests\Shorti.ShortsService.Tests.csproj", "{9AD1677A-0DBE-46F8-BA05-C9B0F9673E66}"
EndProject
Project("{9A19103F-16F7-4668-BE54-9A1E7A4F7556}") = "Shorti.Identity.Tests", "src\Services\Identity\Shorti.Identity.Tests\Shorti.Identity.Tests.csproj", "{CFD6ACE6-7AD3-4C7E-B743-2ED87BDFC456}"
EndProject
Project("{2150E333-8FDC-42A3-9474-1A3956D46DE8}") = "Activities", "Activities", "{DAEEC64E-5325-47CE-9535-6B2878F0F3AD}"
EndProject
Project("{FAE04EC0-301F-11D3-BF4B-00C04F79EFBC}") = "Shorti.Activities.Api", "src\Services\Activities\Shorti.Activities.Api\Shorti.Activities.Api.csproj", "{E332E283-92ED-4DC2-ABCA-722379787D84}"
EndProject
Project("{FAE04EC0-301F-11D3-BF4B-00C04F79EFBC}") = "Shorti.Activities.Tests", "src\Services\Activities\Shorti.Activities.Tests\Shorti.Activities.Tests.csproj", "{B56179BD-BCFF-410C-91DD-13D0A545B7DB}"
EndProject
Global
	GlobalSection(SolutionConfigurationPlatforms) = preSolution
		Debug|Any CPU = Debug|Any CPU
		Release|Any CPU = Release|Any CPU
	EndGlobalSection
	GlobalSection(ProjectConfigurationPlatforms) = postSolution
		{95EB96C3-90F8-4047-B7D0-93FA0F0EB223}.Debug|Any CPU.ActiveCfg = Debug|Any CPU
		{95EB96C3-90F8-4047-B7D0-93FA0F0EB223}.Debug|Any CPU.Build.0 = Debug|Any CPU
		{95EB96C3-90F8-4047-B7D0-93FA0F0EB223}.Release|Any CPU.ActiveCfg = Release|Any CPU
		{95EB96C3-90F8-4047-B7D0-93FA0F0EB223}.Release|Any CPU.Build.0 = Release|Any CPU
		{807371D3-5020-40DF-8792-3E9ACAD6B81D}.Debug|Any CPU.ActiveCfg = Debug|Any CPU
		{807371D3-5020-40DF-8792-3E9ACAD6B81D}.Debug|Any CPU.Build.0 = Debug|Any CPU
		{807371D3-5020-40DF-8792-3E9ACAD6B81D}.Release|Any CPU.ActiveCfg = Release|Any CPU
		{807371D3-5020-40DF-8792-3E9ACAD6B81D}.Release|Any CPU.Build.0 = Release|Any CPU
		{789BCBCB-4D8E-4FA1-B491-D981724A5C15}.Debug|Any CPU.ActiveCfg = Debug|Any CPU
		{789BCBCB-4D8E-4FA1-B491-D981724A5C15}.Debug|Any CPU.Build.0 = Debug|Any CPU
		{789BCBCB-4D8E-4FA1-B491-D981724A5C15}.Release|Any CPU.ActiveCfg = Release|Any CPU
		{789BCBCB-4D8E-4FA1-B491-D981724A5C15}.Release|Any CPU.Build.0 = Release|Any CPU
		{692A2002-B0A7-4F2B-8551-743F2F0F6630}.Debug|Any CPU.ActiveCfg = Debug|Any CPU
		{692A2002-B0A7-4F2B-8551-743F2F0F6630}.Debug|Any CPU.Build.0 = Debug|Any CPU
		{692A2002-B0A7-4F2B-8551-743F2F0F6630}.Release|Any CPU.ActiveCfg = Release|Any CPU
		{692A2002-B0A7-4F2B-8551-743F2F0F6630}.Release|Any CPU.Build.0 = Release|Any CPU
		{55149134-EE1A-4A8D-9CB6-30E758BD7DC4}.Debug|Any CPU.ActiveCfg = Debug|Any CPU
		{55149134-EE1A-4A8D-9CB6-30E758BD7DC4}.Debug|Any CPU.Build.0 = Debug|Any CPU
		{55149134-EE1A-4A8D-9CB6-30E758BD7DC4}.Release|Any CPU.ActiveCfg = Release|Any CPU
		{55149134-EE1A-4A8D-9CB6-30E758BD7DC4}.Release|Any CPU.Build.0 = Release|Any CPU
		{9AD1677A-0DBE-46F8-BA05-C9B0F9673E66}.Debug|Any CPU.ActiveCfg = Debug|Any CPU
		{9AD1677A-0DBE-46F8-BA05-C9B0F9673E66}.Debug|Any CPU.Build.0 = Debug|Any CPU
		{9AD1677A-0DBE-46F8-BA05-C9B0F9673E66}.Release|Any CPU.ActiveCfg = Release|Any CPU
		{9AD1677A-0DBE-46F8-BA05-C9B0F9673E66}.Release|Any CPU.Build.0 = Release|Any CPU
		{CFD6ACE6-7AD3-4C7E-B743-2ED87BDFC456}.Debug|Any CPU.ActiveCfg = Debug|Any CPU
		{CFD6ACE6-7AD3-4C7E-B743-2ED87BDFC456}.Debug|Any CPU.Build.0 = Debug|Any CPU
		{CFD6ACE6-7AD3-4C7E-B743-2ED87BDFC456}.Release|Any CPU.ActiveCfg = Release|Any CPU
		{CFD6ACE6-7AD3-4C7E-B743-2ED87BDFC456}.Release|Any CPU.Build.0 = Release|Any CPU
		{E332E283-92ED-4DC2-ABCA-722379787D84}.Debug|Any CPU.ActiveCfg = Debug|Any CPU
		{E332E283-92ED-4DC2-ABCA-722379787D84}.Debug|Any CPU.Build.0 = Debug|Any CPU
		{E332E283-92ED-4DC2-ABCA-722379787D84}.Release|Any CPU.ActiveCfg = Release|Any CPU
		{E332E283-92ED-4DC2-ABCA-722379787D84}.Release|Any CPU.Build.0 = Release|Any CPU
		{B56179BD-BCFF-410C-91DD-13D0A545B7DB}.Debug|Any CPU.ActiveCfg = Debug|Any CPU
		{B56179BD-BCFF-410C-91DD-13D0A545B7DB}.Debug|Any CPU.Build.0 = Debug|Any CPU
		{B56179BD-BCFF-410C-91DD-13D0A545B7DB}.Release|Any CPU.ActiveCfg = Release|Any CPU
		{B56179BD-BCFF-410C-91DD-13D0A545B7DB}.Release|Any CPU.Build.0 = Release|Any CPU
	EndGlobalSection
	GlobalSection(SolutionProperties) = preSolution
		HideSolutionNode = FALSE
	EndGlobalSection
	GlobalSection(NestedProjects) = preSolution
		{F7A86D71-C550-466C-9820-197EC27BEC9C} = {3FD07C7D-B78C-41BD-A3F6-FE3275063C19}
		{D3D4043B-FC49-463F-B3F5-15E7074A8C19} = {F7A86D71-C550-466C-9820-197EC27BEC9C}
		{95EB96C3-90F8-4047-B7D0-93FA0F0EB223} = {D3D4043B-FC49-463F-B3F5-15E7074A8C19}
		{64318058-D383-4E12-B71B-F8DC8F54DD07} = {3FD07C7D-B78C-41BD-A3F6-FE3275063C19}
		{807371D3-5020-40DF-8792-3E9ACAD6B81D} = {64318058-D383-4E12-B71B-F8DC8F54DD07}
		{E23F0F0E-3F11-4715-B2D7-F76A260C1F45} = {F7A86D71-C550-466C-9820-197EC27BEC9C}
		{789BCBCB-4D8E-4FA1-B491-D981724A5C15} = {E23F0F0E-3F11-4715-B2D7-F76A260C1F45}
		{692A2002-B0A7-4F2B-8551-743F2F0F6630} = {64318058-D383-4E12-B71B-F8DC8F54DD07}
		{F6D5BE19-BAC4-4F06-AC1E-12DE58F2143C} = {F7A86D71-C550-466C-9820-197EC27BEC9C}
		{55149134-EE1A-4A8D-9CB6-30E758BD7DC4} = {F6D5BE19-BAC4-4F06-AC1E-12DE58F2143C}
		{9AD1677A-0DBE-46F8-BA05-C9B0F9673E66} = {F6D5BE19-BAC4-4F06-AC1E-12DE58F2143C}
		{CFD6ACE6-7AD3-4C7E-B743-2ED87BDFC456} = {D3D4043B-FC49-463F-B3F5-15E7074A8C19}
		{DAEEC64E-5325-47CE-9535-6B2878F0F3AD} = {F7A86D71-C550-466C-9820-197EC27BEC9C}
		{E332E283-92ED-4DC2-ABCA-722379787D84} = {DAEEC64E-5325-47CE-9535-6B2878F0F3AD}
		{B56179BD-BCFF-410C-91DD-13D0A545B7DB} = {DAEEC64E-5325-47CE-9535-6B2878F0F3AD}
	EndGlobalSection
	GlobalSection(ExtensibilityGlobals) = postSolution
		SolutionGuid = {FDF9774F-1A58-408A-AAA2-B8F9822EBE6C}
	EndGlobalSection
EndGlobal
